
Microsoft Visual Studio Solution File, Format Version 12.00
# Visual Studio Version 16
VisualStudioVersion = 16.0.29324.140
MinimumVisualStudioVersion = 10.0.40219.1
Project("{FAE04EC0-301F-11D3-BF4B-00C04F79EFBC}") = "webappangular", "webappangular.csproj", "{BA9D0D54-ADEA-45B7-A77D-A5C756EF79DA}"
EndProject
Global
	GlobalSection(SolutionConfigurationPlatforms) = preSolution
		Debug|Any CPU = Debug|Any CPU
		Release|Any CPU = Release|Any CPU
	EndGlobalSection
	GlobalSection(ProjectConfigurationPlatforms) = postSolution
		{BA9D0D54-ADEA-45B7-A77D-A5C756EF79DA}.Debug|Any CPU.ActiveCfg = Debug|Any CPU
		{BA9D0D54-ADEA-45B7-A77D-A5C756EF79DA}.Debug|Any CPU.Build.0 = Debug|Any CPU
		{BA9D0D54-ADEA-45B7-A77D-A5C756EF79DA}.Release|Any CPU.ActiveCfg = Release|Any CPU
		{BA9D0D54-ADEA-45B7-A77D-A5C756EF79DA}.Release|Any CPU.Build.0 = Release|Any CPU
	EndGlobalSection
	GlobalSection(SolutionProperties) = preSolution
		HideSolutionNode = FALSE
	EndGlobalSection
	GlobalSection(ExtensibilityGlobals) = postSolution
		SolutionGuid = {AFBC393A-9FFC-494B-B776-8FAFC28DFBA2}
	EndGlobalSection
EndGlobal
